
Microsoft Visual Studio Solution File, Format Version 12.00
# Visual Studio Version 16
VisualStudioVersion = 16.0.31424.327
MinimumVisualStudioVersion = 10.0.40219.1
Project("{FAE04EC0-301F-11D3-BF4B-00C04F79EFBC}") = "Project-Console-On1", "Project-Console-On1\Project-Console-On1.csproj", "{0DE4AAD4-3A4C-42F8-8911-ACFD69C7FEA5}"
EndProject
Global
	GlobalSection(SolutionConfigurationPlatforms) = preSolution
		Debug|Any CPU = Debug|Any CPU
		Release|Any CPU = Release|Any CPU
	EndGlobalSection
	GlobalSection(ProjectConfigurationPlatforms) = postSolution
		{0DE4AAD4-3A4C-42F8-8911-ACFD69C7FEA5}.Debug|Any CPU.ActiveCfg = Debug|Any CPU
		{0DE4AAD4-3A4C-42F8-8911-ACFD69C7FEA5}.Debug|Any CPU.Build.0 = Debug|Any CPU
		{0DE4AAD4-3A4C-42F8-8911-ACFD69C7FEA5}.Release|Any CPU.ActiveCfg = Release|Any CPU
		{0DE4AAD4-3A4C-42F8-8911-ACFD69C7FEA5}.Release|Any CPU.Build.0 = Release|Any CPU
	EndGlobalSection
	GlobalSection(SolutionProperties) = preSolution
		HideSolutionNode = FALSE
	EndGlobalSection
	GlobalSection(ExtensibilityGlobals) = postSolution
		SolutionGuid = {B1E50C78-E757-4E00-9E2E-310C6CD949C8}
	EndGlobalSection
EndGlobal
